
Microsoft Visual Studio Solution File, Format Version 12.00
# Visual Studio 15
VisualStudioVersion = 15.0.27130.2020
MinimumVisualStudioVersion = 10.0.40219.1
Project("{9A19103F-16F7-4668-BE54-9A1E7A4F7556}") = "AspNetCoreWebApiSamples", "AspNetCoreWebApiSamples\AspNetCoreWebApiSamples.csproj", "{8CA9E1D4-6B7C-4EEA-92AD-3ADD393BC01B}"
EndProject
Project("{FAE04EC0-301F-11D3-BF4B-00C04F79EFBC}") = "ApiClient", "ApiClient\ApiClient.csproj", "{426A1390-0E60-453E-9755-C912B992587F}"
EndProject
Global
	GlobalSection(SolutionConfigurationPlatforms) = preSolution
		Debug|Any CPU = Debug|Any CPU
		Release|Any CPU = Release|Any CPU
	EndGlobalSection
	GlobalSection(ProjectConfigurationPlatforms) = postSolution
		{8CA9E1D4-6B7C-4EEA-92AD-3ADD393BC01B}.Debug|Any CPU.ActiveCfg = Debug|Any CPU
		{8CA9E1D4-6B7C-4EEA-92AD-3ADD393BC01B}.Debug|Any CPU.Build.0 = Debug|Any CPU
		{8CA9E1D4-6B7C-4EEA-92AD-3ADD393BC01B}.Release|Any CPU.ActiveCfg = Release|Any CPU
		{8CA9E1D4-6B7C-4EEA-92AD-3ADD393BC01B}.Release|Any CPU.Build.0 = Release|Any CPU
		{426A1390-0E60-453E-9755-C912B992587F}.Debug|Any CPU.ActiveCfg = Debug|Any CPU
		{426A1390-0E60-453E-9755-C912B992587F}.Debug|Any CPU.Build.0 = Debug|Any CPU
		{426A1390-0E60-453E-9755-C912B992587F}.Release|Any CPU.ActiveCfg = Release|Any CPU
		{426A1390-0E60-453E-9755-C912B992587F}.Release|Any CPU.Build.0 = Release|Any CPU
	EndGlobalSection
	GlobalSection(SolutionProperties) = preSolution
		HideSolutionNode = FALSE
	EndGlobalSection
	GlobalSection(ExtensibilityGlobals) = postSolution
		SolutionGuid = {C55BF1B3-2ECB-4A48-BC8D-55F65A625132}
	EndGlobalSection
EndGlobal
